
Microsoft Visual Studio Solution File, Format Version 12.00
# Visual Studio 2013
VisualStudioVersion = 12.0.21005.1
MinimumVisualStudioVersion = 10.0.40219.1
Project("{FAE04EC0-301F-11D3-BF4B-00C04F79EFBC}") = "ReverseEngineerCodeFirst.Model", "ReverseEngineerCodeFirst.Model\ReverseEngineerCodeFirst.Model.csproj", "{65F45C51-0E2A-4429-934E-F721503283D6}"
EndProject
Project("{FAE04EC0-301F-11D3-BF4B-00C04F79EFBC}") = "ReverseEngineerCodeFirst.Business", "ReverseEngineerCodeFirst.Business\ReverseEngineerCodeFirst.Business.csproj", "{D6A01C01-1DA4-498D-AEE6-9D270524D6F8}"
EndProject
Project("{FAE04EC0-301F-11D3-BF4B-00C04F79EFBC}") = "ReverseEngineerCodeFirst.Data", "ReverseEngineerCodeFirst.Data\ReverseEngineerCodeFirst.Data.csproj", "{9EBCB4F8-EFCB-4A65-96A6-66B28BD17478}"
EndProject
Global
	GlobalSection(SolutionConfigurationPlatforms) = preSolution
		Debug|Any CPU = Debug|Any CPU
		Release|Any CPU = Release|Any CPU
	EndGlobalSection
	GlobalSection(ProjectConfigurationPlatforms) = postSolution
		{65F45C51-0E2A-4429-934E-F721503283D6}.Debug|Any CPU.ActiveCfg = Debug|Any CPU
		{65F45C51-0E2A-4429-934E-F721503283D6}.Debug|Any CPU.Build.0 = Debug|Any CPU
		{65F45C51-0E2A-4429-934E-F721503283D6}.Release|Any CPU.ActiveCfg = Release|Any CPU
		{65F45C51-0E2A-4429-934E-F721503283D6}.Release|Any CPU.Build.0 = Release|Any CPU
		{D6A01C01-1DA4-498D-AEE6-9D270524D6F8}.Debug|Any CPU.ActiveCfg = Debug|Any CPU
		{D6A01C01-1DA4-498D-AEE6-9D270524D6F8}.Debug|Any CPU.Build.0 = Debug|Any CPU
		{D6A01C01-1DA4-498D-AEE6-9D270524D6F8}.Release|Any CPU.ActiveCfg = Release|Any CPU
		{D6A01C01-1DA4-498D-AEE6-9D270524D6F8}.Release|Any CPU.Build.0 = Release|Any CPU
		{9EBCB4F8-EFCB-4A65-96A6-66B28BD17478}.Debug|Any CPU.ActiveCfg = Debug|Any CPU
		{9EBCB4F8-EFCB-4A65-96A6-66B28BD17478}.Debug|Any CPU.Build.0 = Debug|Any CPU
		{9EBCB4F8-EFCB-4A65-96A6-66B28BD17478}.Release|Any CPU.ActiveCfg = Release|Any CPU
		{9EBCB4F8-EFCB-4A65-96A6-66B28BD17478}.Release|Any CPU.Build.0 = Release|Any CPU
	EndGlobalSection
	GlobalSection(SolutionProperties) = preSolution
		HideSolutionNode = FALSE
	EndGlobalSection
EndGlobal
